<?xml version="1.0" encoding="utf-8"?>
<Project ToolsVersion="4.0" xmlns="http://schemas.microsoft.com/developer/msbuild/2003">
  <ItemGroup>
    <Filter Include="Source Files">
      <UniqueIdentifier>{4FC737F1-C7A5-4376-A066-2A32D752A2FF}</UniqueIdentifier>
      <Extensions>cpp;c;cc;cxx;def;odl;idl;hpj;bat;asm;asmx</Extensions>
    </Filter>
    <Filter Include="Source Files\renderer">
      <UniqueIdentifier>{981780d7-90bc-4c2f-ae73-941aad4e224e}</UniqueIdentifier>
    </Filter>
    <Filter Include="Source Files\math">
      <UniqueIdentifier>{665980cb-538e-4cf7-a371-b42bcbca4424}</UniqueIdentifier>
    </Filter>
    <Filter Include="Source Files\entities">
      <UniqueIdentifier>{40292200-19d8-437d-9737-504e42e2f9c9}</UniqueIdentifier>
    </Filter>
    <Filter Include="Source Files\utils">
      <UniqueIdentifier>{f82e7e51-6ebd-43fc-935f-6ea54cdec882}</UniqueIdentifier>
    </Filter>
    <Filter Include="Source Files\win32">
      <UniqueIdentifier>{69b88998-bc9f-4470-832a-c6769abc2873}</UniqueIdentifier>
    </Filter>
    <Filter Include="Source Files\net">
      <UniqueIdentifier>{979bf19c-d724-4c78-baf2-d8d50e6e86ed}</UniqueIdentifier>
    </Filter>
    <Filter Include="Source Files\enemies_ia">
      <UniqueIdentifier>{8a49c7c5-7463-4324-b5f5-f09f68da0e8c}</UniqueIdentifier>
    </Filter>
    <Filter Include="Source Files\audio">
      <UniqueIdentifier>{c82869af-7fc1-4af5-a93a-d8ef15d73d69}</UniqueIdentifier>
    </Filter>
    <Filter Include="Header Files">
      <UniqueIdentifier>{93995380-89BD-4b04-88EB-625FBE52EBFB}</UniqueIdentifier>
      <Extensions>h;hpp;hxx;hm;inl;inc;xsd</Extensions>
    </Filter>
    <Filter Include="Header Files\renderer">
      <UniqueIdentifier>{fb226f46-d2b7-4b91-bfc5-940286613d5b}</UniqueIdentifier>
    </Filter>
    <Filter Include="Header Files\math">
      <UniqueIdentifier>{9b6c517c-8e9b-4d64-99d0-6b6992975d15}</UniqueIdentifier>
    </Filter>
    <Filter Include="Header Files\utils">
      <UniqueIdentifier>{e748c791-cde2-47d4-9a7f-ff803e452209}</UniqueIdentifier>
    </Filter>
    <Filter Include="Header Files\texture">
      <UniqueIdentifier>{039e5d8c-42a7-464e-9266-e1f4a7b307bc}</UniqueIdentifier>
    </Filter>
    <Filter Include="Header Files\entities">
      <UniqueIdentifier>{9cb19c1d-baac-4cb7-8fa9-e7e6f4357728}</UniqueIdentifier>
    </Filter>
    <Filter Include="Header Files\win32">
      <UniqueIdentifier>{ba240220-b950-4646-b6ed-cb0b42446a39}</UniqueIdentifier>
    </Filter>
    <Filter Include="Header Files\net">
      <UniqueIdentifier>{da12c0ac-ebf8-40bd-babc-ccbc2bd8593b}</UniqueIdentifier>
    </Filter>
    <Filter Include="Header Files\enemies_ia">
      <UniqueIdentifier>{633dafb4-dc90-4f4d-8131-8aa6502b3abb}</UniqueIdentifier>
    </Filter>
    <Filter Include="Header Files\audio">
      <UniqueIdentifier>{1cdb04ec-79a1-475a-a381-125b7902ebed}</UniqueIdentifier>
    </Filter>
    <Filter Include="Header Files\native">
      <UniqueIdentifier>{9f239eaa-7304-41e7-a8f1-1c199b6fdbdb}</UniqueIdentifier>
    </Filter>
    <Filter Include="Resource Files">
      <UniqueIdentifier>{67DA6AB6-F800-4c08-8B7A-83BB121AAD01}</UniqueIdentifier>
      <Extensions>rc;ico;cur;bmp;dlg;rc2;rct;bin;rgs;gif;jpg;jpeg;jpe;resx;tiff;tif;png;wav</Extensions>
    </Filter>
    <Filter Include="Source Files\texture">
      <UniqueIdentifier>{e3add87a-cfe5-458f-ac33-fa0eaff72486}</UniqueIdentifier>
    </Filter>
  </ItemGroup>
  <ItemGroup>
    <ClCompile Include="..\..\..\src\camera.c">
      <Filter>Source Files</Filter>
    </ClCompile>
    <ClCompile Include="..\..\..\src\collisions.c">
      <Filter>Source Files</Filter>
    </ClCompile>
    <ClCompile Include="..\..\..\src\commands.c">
      <Filter>Source Files</Filter>
    </ClCompile>
    <ClCompile Include="..\..\..\src\dEngine.c">
      <Filter>Source Files</Filter>
    </ClCompile>
    <ClCompile Include="..\..\..\src\event.c">
      <Filter>Source Files</Filter>
    </ClCompile>
    <ClCompile Include="..\..\..\src\math.c">
      <Filter>Source Files</Filter>
    </ClCompile>
    <ClCompile Include="..\..\..\src\vis.c">
      <Filter>Source Files</Filter>
    </ClCompile>
    <ClCompile Include="..\..\..\src\world.c">
      <Filter>Source Files</Filter>
    </ClCompile>
    <ClCompile Include="..\..\..\src\renderer.c">
      <Filter>Source Files\renderer</Filter>
    </ClCompile>
    <ClCompile Include="..\..\..\src\renderer_fixed.c">
      <Filter>Source Files\renderer</Filter>
    </ClCompile>
    <ClCompile Include="..\..\..\src\renderer_progr.c">
      <Filter>Source Files\renderer</Filter>
    </ClCompile>
    <ClCompile Include="..\..\..\src\matrix.c">
      <Filter>Source Files\math</Filter>
    </ClCompile>
    <ClCompile Include="..\..\..\src\quaternion.c">
      <Filter>Source Files\math</Filter>
    </ClCompile>
    <ClCompile Include="..\..\..\src\enemy.c">
      <Filter>Source Files\entities</Filter>
    </ClCompile>
    <ClCompile Include="..\..\..\src\enemy_particules.c">
      <Filter>Source Files\entities</Filter>
    </ClCompile>
    <ClCompile Include="..\..\..\src\entities.c">
      <Filter>Source Files\entities</Filter>
    </ClCompile>
    <ClCompile Include="..\..\..\src\fx.c">
      <Filter>Source Files\entities</Filter>
    </ClCompile>
    <ClCompile Include="..\..\..\src\md5.c">
      <Filter>Source Files\entities</Filter>
    </ClCompile>
    <ClCompile Include="..\..\..\src\player.c">
      <Filter>Source Files\entities</Filter>
    </ClCompile>
    <ClCompile Include="..\..\..\src\ItextureLoader.c">
      <Filter>Source Files\texture</Filter>
    </ClCompile>
    <ClCompile Include="..\..\..\src\material.c">
      <Filter>Source Files\texture</Filter>
    </ClCompile>
    <ClCompile Include="..\..\..\src\texture.c">
      <Filter>Source Files\texture</Filter>
    </ClCompile>
    <ClCompile Include="..\..\..\src\config.c">
      <Filter>Source Files\utils</Filter>
    </ClCompile>
    <ClCompile Include="..\..\..\src\filesystem.c">
      <Filter>Source Files\utils</Filter>
    </ClCompile>
    <ClCompile Include="..\..\..\src\io_interface.c">
      <Filter>Source Files\utils</Filter>
    </ClCompile>
    <ClCompile Include="..\..\..\src\lexer.c">
      <Filter>Source Files\utils</Filter>
    </ClCompile>
    <ClCompile Include="..\..\..\src\menu.c">
      <Filter>Source Files\utils</Filter>
    </ClCompile>
    <ClCompile Include="..\..\..\src\preproc.c">
      <Filter>Source Files\utils</Filter>
    </ClCompile>
    <ClCompile Include="..\..\..\src\stats.c">
      <Filter>Source Files\utils</Filter>
    </ClCompile>
    <ClCompile Include="..\..\..\src\text.c">
      <Filter>Source Files\utils</Filter>
    </ClCompile>
    <ClCompile Include="..\..\..\src\timer.c">
      <Filter>Source Files\utils</Filter>
    </ClCompile>
    <ClCompile Include="..\..\..\src\titles.c">
      <Filter>Source Files\utils</Filter>
    </ClCompile>
    <ClCompile Include="..\..\main.cpp">
      <Filter>Source Files\win32</Filter>
    </ClCompile>
    <ClCompile Include="..\..\native.c">
      <Filter>Source Files\win32</Filter>
    </ClCompile>
    <ClCompile Include="..\..\win32EGL.cpp">
      <Filter>Source Files\win32</Filter>
    </ClCompile>
    <ClCompile Include="..\..\..\src\netchannel.c">
      <Filter>Source Files\net</Filter>
    </ClCompile>
    <ClCompile Include="..\..\..\src\fht.c">
      <Filter>Source Files\enemies_ia</Filter>
    </ClCompile>
    <ClCompile Include="..\..\..\src\lee.c">
      <Filter>Source Files\enemies_ia</Filter>
    </ClCompile>
    <ClCompile Include="..\..\..\src\lofb.c">
      <Filter>Source Files\enemies_ia</Filter>
    </ClCompile>
    <ClCompile Include="..\..\..\src\shab.c">
      <Filter>Source Files\enemies_ia</Filter>
    </ClCompile>
    <ClCompile Include="..\..\..\src\tha.c">
      <Filter>Source Files\enemies_ia</Filter>
    </ClCompile>
    <ClCompile Include="..\..\..\src\sounds.c">
      <Filter>Source Files\audio</Filter>
    </ClCompile>
    <ClCompile Include="..\..\..\src\wavfile.c">
      <Filter>Source Files\audio</Filter>
    </ClCompile>
    <ClCompile Include="..\..\..\src\log.c">
      <Filter>Source Files\utils</Filter>
    </ClCompile>
    <ClCompile Include="..\..\..\src\unzip.c">
      <Filter>Source Files\utils</Filter>
    </ClCompile>
    <ClCompile Include="..\..\..\src\sound_openAL.c">
      <Filter>Source Files\audio</Filter>
    </ClCompile>
  </ItemGroup>
  <ItemGroup>
    <ClInclude Include="..\..\..\src\camera.h">
      <Filter>Header Files</Filter>
    </ClInclude>
    <ClInclude Include="..\..\..\src\collisions.h">
      <Filter>Header Files</Filter>
    </ClInclude>
    <ClInclude Include="..\..\..\src\commands.h">
      <Filter>Header Files</Filter>
    </ClInclude>
    <ClInclude Include="..\..\..\src\dEngine.h">
      <Filter>Header Files</Filter>
    </ClInclude>
    <ClInclude Include="..\..\..\src\vis.h">
      <Filter>Header Files</Filter>
    </ClInclude>
    <ClInclude Include="..\..\..\src\world.h">
      <Filter>Header Files</Filter>
    </ClInclude>
    <ClInclude Include="..\..\..\src\renderer.h">
      <Filter>Header Files\renderer</Filter>
    </ClInclude>
    <ClInclude Include="..\..\..\src\renderer_fixed.h">
      <Filter>Header Files\renderer</Filter>
    </ClInclude>
    <ClInclude Include="..\..\..\src\renderer_progr.h">
      <Filter>Header Files\renderer</Filter>
    </ClInclude>
    <ClInclude Include="..\..\..\src\math.h">
      <Filter>Header Files\math</Filter>
    </ClInclude>
    <ClInclude Include="..\..\..\src\matrix.h">
      <Filter>Header Files\math</Filter>
    </ClInclude>
    <ClInclude Include="..\..\..\src\quaternion.h">
      <Filter>Header Files\math</Filter>
    </ClInclude>
    <ClInclude Include="..\..\..\src\config.h">
      <Filter>Header Files\utils</Filter>
    </ClInclude>
    <ClInclude Include="..\..\..\src\event.h">
      <Filter>Header Files\utils</Filter>
    </ClInclude>
    <ClInclude Include="..\..\..\src\filesystem.h">
      <Filter>Header Files\utils</Filter>
    </ClInclude>
    <ClInclude Include="..\..\..\src\globals.h">
      <Filter>Header Files\utils</Filter>
    </ClInclude>
    <ClInclude Include="..\..\..\src\io_interface.h">
      <Filter>Header Files\utils</Filter>
    </ClInclude>
    <ClInclude Include="..\..\..\src\ItextureLoader.h">
      <Filter>Header Files\utils</Filter>
    </ClInclude>
    <ClInclude Include="..\..\..\src\lexer.h">
      <Filter>Header Files\utils</Filter>
    </ClInclude>
    <ClInclude Include="..\..\..\src\menu.h">
      <Filter>Header Files\utils</Filter>
    </ClInclude>
    <ClInclude Include="..\..\..\src\preproc.h">
      <Filter>Header Files\utils</Filter>
    </ClInclude>
    <ClInclude Include="..\..\..\src\stats.h">
      <Filter>Header Files\utils</Filter>
    </ClInclude>
    <ClInclude Include="..\..\..\src\target.h">
      <Filter>Header Files\utils</Filter>
    </ClInclude>
    <ClInclude Include="..\..\..\src\text.h">
      <Filter>Header Files\utils</Filter>
    </ClInclude>
    <ClInclude Include="..\..\..\src\timer.h">
      <Filter>Header Files\utils</Filter>
    </ClInclude>
    <ClInclude Include="..\..\..\src\titles.h">
      <Filter>Header Files\utils</Filter>
    </ClInclude>
    <ClInclude Include="..\..\..\src\material.h">
      <Filter>Header Files\texture</Filter>
    </ClInclude>
    <ClInclude Include="..\..\..\src\texture.h">
      <Filter>Header Files\texture</Filter>
    </ClInclude>
    <ClInclude Include="..\..\..\src\enemy.h">
      <Filter>Header Files\entities</Filter>
    </ClInclude>
    <ClInclude Include="..\..\..\src\enemy_particules.h">
      <Filter>Header Files\entities</Filter>
    </ClInclude>
    <ClInclude Include="..\..\..\src\entities.h">
      <Filter>Header Files\entities</Filter>
    </ClInclude>
    <ClInclude Include="..\..\..\src\fx.h">
      <Filter>Header Files\entities</Filter>
    </ClInclude>
    <ClInclude Include="..\..\..\src\md5.h">
      <Filter>Header Files\entities</Filter>
    </ClInclude>
    <ClInclude Include="..\..\..\src\player.h">
      <Filter>Header Files\entities</Filter>
    </ClInclude>
    <ClInclude Include="..\..\win32EGL.h">
      <Filter>Header Files\win32</Filter>
    </ClInclude>
    <ClInclude Include="..\..\..\src\netchannel.h">
      <Filter>Header Files\net</Filter>
    </ClInclude>
    <ClInclude Include="..\..\..\src\fht.h">
      <Filter>Header Files\enemies_ia</Filter>
    </ClInclude>
    <ClInclude Include="..\..\..\src\lee.h">
      <Filter>Header Files\enemies_ia</Filter>
    </ClInclude>
    <ClInclude Include="..\..\..\src\lofb.h">
      <Filter>Header Files\enemies_ia</Filter>
    </ClInclude>
    <ClInclude Include="..\..\..\src\shab.h">
      <Filter>Header Files\enemies_ia</Filter>
    </ClInclude>
    <ClInclude Include="..\..\..\src\tha.h">
      <Filter>Header Files\enemies_ia</Filter>
    </ClInclude>
    <ClInclude Include="..\..\..\src\sounds.h">
      <Filter>Header Files\audio</Filter>
    </ClInclude>
    <ClInclude Include="..\..\..\src\wavfile.h">
      <Filter>Header Files\audio</Filter>
    </ClInclude>
    <ClInclude Include="..\..\..\src\native_services.h">
      <Filter>Header Files\native</Filter>
    </ClInclude>
    <ClInclude Include="..\..\..\src\log.h">
      <Filter>Header Files\utils</Filter>
    </ClInclude>
    <ClInclude Include="..\..\..\src\unzip.h">
      <Filter>Header Files\utils</Filter>
    </ClInclude>
    <ClInclude Include="..\..\..\src\sound_backend.h">
      <Filter>Header Files\audio</Filter>
    </ClInclude>
  </ItemGroup>
</Project>