
Microsoft Visual Studio Solution File, Format Version 10.00
# Visual Studio 2008
Project("{8BC9CEB8-8B4A-11D0-8D11-00A0C91BC942}") = "dEngine", "dEngine\dEngine.vcproj", "{ADF7591E-FBB8-48EE-98FF-74D8D4AD99EC}"
EndProject
Global
	GlobalSection(SolutionConfigurationPlatforms) = preSolution
		Debug|Win32 = Debug|Win32
		Release|Win32 = Release|Win32
	EndGlobalSection
	GlobalSection(ProjectConfigurationPlatforms) = postSolution
		{ADF7591E-FBB8-48EE-98FF-74D8D4AD99EC}.Debug|Win32.ActiveCfg = Debug|Win32
		{ADF7591E-FBB8-48EE-98FF-74D8D4AD99EC}.Debug|Win32.Build.0 = Debug|Win32
		{ADF7591E-FBB8-48EE-98FF-74D8D4AD99EC}.Release|Win32.ActiveCfg = Release|Win32
		{ADF7591E-FBB8-48EE-98FF-74D8D4AD99EC}.Release|Win32.Build.0 = Release|Win32
	EndGlobalSection
	GlobalSection(SolutionProperties) = preSolution
		HideSolutionNode = FALSE
	EndGlobalSection
EndGlobal
